// !$*UTF8*$!
{
	archiveVersion = 1;
	classes = {
	};
	objectVersion = 46;
	objects = {

/* Begin PBXBuildFile section */
		3BF72F4518516D9500C53C65 /* Foundation.framework in Frameworks */ = {isa = PBXBuildFile; fileRef = 3BF72F4418516D9500C53C65 /* Foundation.framework */; };
		3BF72F4718516D9500C53C65 /* CoreGraphics.framework in Frameworks */ = {isa = PBXBuildFile; fileRef = 3BF72F4618516D9500C53C65 /* CoreGraphics.framework */; };
		3BF72F4918516D9500C53C65 /* UIKit.framework in Frameworks */ = {isa = PBXBuildFile; fileRef = 3BF72F4818516D9500C53C65 /* UIKit.framework */; };
		3BF72F4F18516D9500C53C65 /* InfoPlist.strings in Resources */ = {isa = PBXBuildFile; fileRef = 3BF72F4D18516D9500C53C65 /* InfoPlist.strings */; };
		3BF72F5118516D9500C53C65 /* main.m in Sources */ = {isa = PBXBuildFile; fileRef = 3BF72F5018516D9500C53C65 /* main.m */; };
		3BF72F5518516D9500C53C65 /* AppDelegate.m in Sources */ = {isa = PBXBuildFile; fileRef = 3BF72F5418516D9500C53C65 /* AppDelegate.m */; };
		3BF72F5818516D9500C53C65 /* Main.storyboard in Resources */ = {isa = PBXBuildFile; fileRef = 3BF72F5618516D9500C53C65 /* Main.storyboard */; };
		3BF72F5D18516D9500C53C65 /* Images.xcassets in Resources */ = {isa = PBXBuildFile; fileRef = 3BF72F5C18516D9500C53C65 /* Images.xcassets */; };
		3BF72F6418516D9500C53C65 /* XCTest.framework in Frameworks */ = {isa = PBXBuildFile; fileRef = 3BF72F6318516D9500C53C65 /* XCTest.framework */; };
		3BF72F6518516D9500C53C65 /* Foundation.framework in Frameworks */ = {isa = PBXBuildFile; fileRef = 3BF72F4418516D9500C53C65 /* Foundation.framework */; };
		3BF72F6618516D9500C53C65 /* UIKit.framework in Frameworks */ = {isa = PBXBuildFile; fileRef = 3BF72F4818516D9500C53C65 /* UIKit.framework */; };
		3BF72F6E18516D9500C53C65 /* InfoPlist.strings in Resources */ = {isa = PBXBuildFile; fileRef = 3BF72F6C18516D9500C53C65 /* InfoPlist.strings */; };
		3BF72F7018516D9500C53C65 /* CompanyUIHWTests.m in Sources */ = {isa = PBXBuildFile; fileRef = 3BF72F6F18516D9500C53C65 /* CompanyUIHWTests.m */; };
		3BF72F7B18516E4400C53C65 /* CompanyViewController.m in Sources */ = {isa = PBXBuildFile; fileRef = 3BF72F7A18516E4400C53C65 /* CompanyViewController.m */; };
/* End PBXBuildFile section */

/* Begin PBXContainerItemProxy section */
		3BF72F6718516D9500C53C65 /* PBXContainerItemProxy */ = {
			isa = PBXContainerItemProxy;
			containerPortal = 3BF72F3918516D9500C53C65 /* Project object */;
			proxyType = 1;
			remoteGlobalIDString = 3BF72F4018516D9500C53C65;
			remoteInfo = CompanyUIHW;
		};
/* End PBXContainerItemProxy section */

/* Begin PBXFileReference section */
		3BF72F4118516D9500C53C65 /* CompanyUIHW.app */ = {isa = PBXFileReference; explicitFileType = wrapper.application; includeInIndex = 0; path = CompanyUIHW.app; sourceTree = BUILT_PRODUCTS_DIR; };
		3BF72F4418516D9500C53C65 /* Foundation.framework */ = {isa = PBXFileReference; lastKnownFileType = wrapper.framework; name = Foundation.framework; path = System/Library/Frameworks/Foundation.framework; sourceTree = SDKROOT; };
		3BF72F4618516D9500C53C65 /* CoreGraphics.framework */ = {isa = PBXFileReference; lastKnownFileType = wrapper.framework; name = CoreGraphics.framework; path = System/Library/Frameworks/CoreGraphics.framework; sourceTree = SDKROOT; };
		3BF72F4818516D9500C53C65 /* UIKit.framework */ = {isa = PBXFileReference; lastKnownFileType = wrapper.framework; name = UIKit.framework; path = System/Library/Frameworks/UIKit.framework; sourceTree = SDKROOT; };
		3BF72F4C18516D9500C53C65 /* CompanyUIHW-Info.plist */ = {isa = PBXFileReference; lastKnownFileType = text.plist.xml; path = "CompanyUIHW-Info.plist"; sourceTree = "<group>"; };
		3BF72F4E18516D9500C53C65 /* en */ = {isa = PBXFileReference; lastKnownFileType = text.plist.strings; name = en; path = en.lproj/InfoPlist.strings; sourceTree = "<group>"; };
		3BF72F5018516D9500C53C65 /* main.m */ = {isa = PBXFileReference; lastKnownFileType = sourcecode.c.objc; path = main.m; sourceTree = "<group>"; };
		3BF72F5218516D9500C53C65 /* CompanyUIHW-Prefix.pch */ = {isa = PBXFileReference; lastKnownFileType = sourcecode.c.h; path = "CompanyUIHW-Prefix.pch"; sourceTree = "<group>"; };
		3BF72F5318516D9500C53C65 /* AppDelegate.h */ = {isa = PBXFileReference; lastKnownFileType = sourcecode.c.h; path = AppDelegate.h; sourceTree = "<group>"; };
		3BF72F5418516D9500C53C65 /* AppDelegate.m */ = {isa = PBXFileReference; lastKnownFileType = sourcecode.c.objc; path = AppDelegate.m; sourceTree = "<group>"; };
		3BF72F5718516D9500C53C65 /* Base */ = {isa = PBXFileReference; lastKnownFileType = file.storyboard; name = Base; path = Base.lproj/Main.storyboard; sourceTree = "<group>"; };
		3BF72F5C18516D9500C53C65 /* Images.xcassets */ = {isa = PBXFileReference; lastKnownFileType = folder.assetcatalog; path = Images.xcassets; sourceTree = "<group>"; };
		3BF72F6218516D9500C53C65 /* CompanyUIHWTests.xctest */ = {isa = PBXFileReference; explicitFileType = wrapper.cfbundle; includeInIndex = 0; path = CompanyUIHWTests.xctest; sourceTree = BUILT_PRODUCTS_DIR; };
		3BF72F6318516D9500C53C65 /* XCTest.framework */ = {isa = PBXFileReference; lastKnownFileType = wrapper.framework; name = XCTest.framework; path = Library/Frameworks/XCTest.framework; sourceTree = DEVELOPER_DIR; };
		3BF72F6B18516D9500C53C65 /* CompanyUIHWTests-Info.plist */ = {isa = PBXFileReference; lastKnownFileType = text.plist.xml; path = "CompanyUIHWTests-Info.plist"; sourceTree = "<group>"; };
		3BF72F6D18516D9500C53C65 /* en */ = {isa = PBXFileReference; lastKnownFileType = text.plist.strings; name = en; path = en.lproj/InfoPlist.strings; sourceTree = "<group>"; };
		3BF72F6F18516D9500C53C65 /* CompanyUIHWTests.m */ = {isa = PBXFileReference; lastKnownFileType = sourcecode.c.objc; path = CompanyUIHWTests.m; sourceTree = "<group>"; };
		3BF72F7918516E4400C53C65 /* CompanyViewController.h */ = {isa = PBXFileReference; fileEncoding = 4; lastKnownFileType = sourcecode.c.h; path = CompanyViewController.h; sourceTree = "<group>"; };
		3BF72F7A18516E4400C53C65 /* CompanyViewController.m */ = {isa = PBXFileReference; fileEncoding = 4; lastKnownFileType = sourcecode.c.objc; path = CompanyViewController.m; sourceTree = "<group>"; };
/* End PBXFileReference section */

/* Begin PBXFrameworksBuildPhase section */
		3BF72F3E18516D9500C53C65 /* Frameworks */ = {
			isa = PBXFrameworksBuildPhase;
			buildActionMask = 2147483647;
			files = (
				3BF72F4718516D9500C53C65 /* CoreGraphics.framework in Frameworks */,
				3BF72F4918516D9500C53C65 /* UIKit.framework in Frameworks */,
				3BF72F4518516D9500C53C65 /* Foundation.framework in Frameworks */,
			);
			runOnlyForDeploymentPostprocessing = 0;
		};
		3BF72F5F18516D9500C53C65 /* Frameworks */ = {
			isa = PBXFrameworksBuildPhase;
			buildActionMask = 2147483647;
			files = (
				3BF72F6418516D9500C53C65 /* XCTest.framework in Frameworks */,
				3BF72F6618516D9500C53C65 /* UIKit.framework in Frameworks */,
				3BF72F6518516D9500C53C65 /* Foundation.framework in Frameworks */,
			);
			runOnlyForDeploymentPostprocessing = 0;
		};
/* End PBXFrameworksBuildPhase section */

/* Begin PBXGroup section */
		3BF72F3818516D9500C53C65 = {
			isa = PBXGroup;
			children = (
				3BF72F4A18516D9500C53C65 /* CompanyUIHW */,
				3BF72F6918516D9500C53C65 /* CompanyUIHWTests */,
				3BF72F4318516D9500C53C65 /* Frameworks */,
				3BF72F4218516D9500C53C65 /* Products */,
			);
			sourceTree = "<group>";
		};
		3BF72F4218516D9500C53C65 /* Products */ = {
			isa = PBXGroup;
			children = (
				3BF72F4118516D9500C53C65 /* CompanyUIHW.app */,
				3BF72F6218516D9500C53C65 /* CompanyUIHWTests.xctest */,
			);
			name = Products;
			sourceTree = "<group>";
		};
		3BF72F4318516D9500C53C65 /* Frameworks */ = {
			isa = PBXGroup;
			children = (
				3BF72F4418516D9500C53C65 /* Foundation.framework */,
				3BF72F4618516D9500C53C65 /* CoreGraphics.framework */,
				3BF72F4818516D9500C53C65 /* UIKit.framework */,
				3BF72F6318516D9500C53C65 /* XCTest.framework */,
			);
			name = Frameworks;
			sourceTree = "<group>";
		};
		3BF72F4A18516D9500C53C65 /* CompanyUIHW */ = {
			isa = PBXGroup;
			children = (
				3BF72F7D18516E5200C53C65 /* Employee */,
				3BF72F7C18516E4B00C53C65 /* Company */,
				3BF72F5318516D9500C53C65 /* AppDelegate.h */,
				3BF72F5418516D9500C53C65 /* AppDelegate.m */,
				3BF72F5618516D9500C53C65 /* Main.storyboard */,
				3BF72F5C18516D9500C53C65 /* Images.xcassets */,
				3BF72F4B18516D9500C53C65 /* Supporting Files */,
			);
			path = CompanyUIHW;
			sourceTree = "<group>";
		};
		3BF72F4B18516D9500C53C65 /* Supporting Files */ = {
			isa = PBXGroup;
			children = (
				3BF72F4C18516D9500C53C65 /* CompanyUIHW-Info.plist */,
				3BF72F4D18516D9500C53C65 /* InfoPlist.strings */,
				3BF72F5018516D9500C53C65 /* main.m */,
				3BF72F5218516D9500C53C65 /* CompanyUIHW-Prefix.pch */,
			);
			name = "Supporting Files";
			sourceTree = "<group>";
		};
		3BF72F6918516D9500C53C65 /* CompanyUIHWTests */ = {
			isa = PBXGroup;
			children = (
				3BF72F6F18516D9500C53C65 /* CompanyUIHWTests.m */,
				3BF72F6A18516D9500C53C65 /* Supporting Files */,
			);
			path = CompanyUIHWTests;
			sourceTree = "<group>";
		};
		3BF72F6A18516D9500C53C65 /* Supporting Files */ = {
			isa = PBXGroup;
			children = (
				3BF72F6B18516D9500C53C65 /* CompanyUIHWTests-Info.plist */,
				3BF72F6C18516D9500C53C65 /* InfoPlist.strings */,
			);
			name = "Supporting Files";
			sourceTree = "<group>";
		};
		3BF72F7C18516E4B00C53C65 /* Company */ = {
			isa = PBXGroup;
			children = (
				3BF72F7918516E4400C53C65 /* CompanyViewController.h */,
				3BF72F7A18516E4400C53C65 /* CompanyViewController.m */,
			);
			name = Company;
			sourceTree = "<group>";
		};
		3BF72F7D18516E5200C53C65 /* Employee */ = {
			isa = PBXGroup;
			children = (
			);
			name = Employee;
			sourceTree = "<group>";
		};
/* End PBXGroup section */

/* Begin PBXNativeTarget section */
		3BF72F4018516D9500C53C65 /* CompanyUIHW */ = {
			isa = PBXNativeTarget;
			buildConfigurationList = 3BF72F7318516D9500C53C65 /* Build configuration list for PBXNativeTarget "CompanyUIHW" */;
			buildPhases = (
				3BF72F3D18516D9500C53C65 /* Sources */,
				3BF72F3E18516D9500C53C65 /* Frameworks */,
				3BF72F3F18516D9500C53C65 /* Resources */,
			);
			buildRules = (
			);
			dependencies = (
			);
			name = CompanyUIHW;
			productName = CompanyUIHW;
			productReference = 3BF72F4118516D9500C53C65 /* CompanyUIHW.app */;
			productType = "com.apple.product-type.application";
		};
		3BF72F6118516D9500C53C65 /* CompanyUIHWTests */ = {
			isa = PBXNativeTarget;
			buildConfigurationList = 3BF72F7618516D9500C53C65 /* Build configuration list for PBXNativeTarget "CompanyUIHWTests" */;
			buildPhases = (
				3BF72F5E18516D9500C53C65 /* Sources */,
				3BF72F5F18516D9500C53C65 /* Frameworks */,
				3BF72F6018516D9500C53C65 /* Resources */,
			);
			buildRules = (
			);
			dependencies = (
				3BF72F6818516D9500C53C65 /* PBXTargetDependency */,
			);
			name = CompanyUIHWTests;
			productName = CompanyUIHWTests;
			productReference = 3BF72F6218516D9500C53C65 /* CompanyUIHWTests.xctest */;
			productType = "com.apple.product-type.bundle.unit-test";
		};
/* End PBXNativeTarget section */

/* Begin PBXProject section */
		3BF72F3918516D9500C53C65 /* Project object */ = {
			isa = PBXProject;
			attributes = {
				LastUpgradeCheck = 0500;
				ORGANIZATIONNAME = skl;
				TargetAttributes = {
					3BF72F6118516D9500C53C65 = {
						TestTargetID = 3BF72F4018516D9500C53C65;
					};
				};
			};
			buildConfigurationList = 3BF72F3C18516D9500C53C65 /* Build configuration list for PBXProject "CompanyUIHW" */;
			compatibilityVersion = "Xcode 3.2";
			developmentRegion = English;
			hasScannedForEncodings = 0;
			knownRegions = (
				en,
				Base,
			);
			mainGroup = 3BF72F3818516D9500C53C65;
			productRefGroup = 3BF72F4218516D9500C53C65 /* Products */;
			projectDirPath = "";
			projectRoot = "";
			targets = (
				3BF72F4018516D9500C53C65 /* CompanyUIHW */,
				3BF72F6118516D9500C53C65 /* CompanyUIHWTests */,
			);
		};
/* End PBXProject section */

/* Begin PBXResourcesBuildPhase section */
		3BF72F3F18516D9500C53C65 /* Resources */ = {
			isa = PBXResourcesBuildPhase;
			buildActionMask = 2147483647;
			files = (
				3BF72F5D18516D9500C53C65 /* Images.xcassets in Resources */,
				3BF72F4F18516D9500C53C65 /* InfoPlist.strings in Resources */,
				3BF72F5818516D9500C53C65 /* Main.storyboard in Resources */,
			);
			runOnlyForDeploymentPostprocessing = 0;
		};
		3BF72F6018516D9500C53C65 /* Resources */ = {
			isa = PBXResourcesBuildPhase;
			buildActionMask = 2147483647;
			files = (
				3BF72F6E18516D9500C53C65 /* InfoPlist.strings in Resources */,
			);
			runOnlyForDeploymentPostprocessing = 0;
		};
/* End PBXResourcesBuildPhase section */

/* Begin PBXSourcesBuildPhase section */
		3BF72F3D18516D9500C53C65 /* Sources */ = {
			isa = PBXSourcesBuildPhase;
			buildActionMask = 2147483647;
			files = (
				3BF72F7B18516E4400C53C65 /* CompanyViewController.m in Sources */,
				3BF72F5518516D9500C53C65 /* AppDelegate.m in Sources */,
				3BF72F5118516D9500C53C65 /* main.m in Sources */,
			);
			runOnlyForDeploymentPostprocessing = 0;
		};
		3BF72F5E18516D9500C53C65 /* Sources */ = {
			isa = PBXSourcesBuildPhase;
			buildActionMask = 2147483647;
			files = (
				3BF72F7018516D9500C53C65 /* CompanyUIHWTests.m in Sources */,
			);
			runOnlyForDeploymentPostprocessing = 0;
		};
/* End PBXSourcesBuildPhase section */

/* Begin PBXTargetDependency section */
		3BF72F6818516D9500C53C65 /* PBXTargetDependency */ = {
			isa = PBXTargetDependency;
			target = 3BF72F4018516D9500C53C65 /* CompanyUIHW */;
			targetProxy = 3BF72F6718516D9500C53C65 /* PBXContainerItemProxy */;
		};
/* End PBXTargetDependency section */

/* Begin PBXVariantGroup section */
		3BF72F4D18516D9500C53C65 /* InfoPlist.strings */ = {
			isa = PBXVariantGroup;
			children = (
				3BF72F4E18516D9500C53C65 /* en */,
			);
			name = InfoPlist.strings;
			sourceTree = "<group>";
		};
		3BF72F5618516D9500C53C65 /* Main.storyboard */ = {
			isa = PBXVariantGroup;
			children = (
				3BF72F5718516D9500C53C65 /* Base */,
			);
			name = Main.storyboard;
			sourceTree = "<group>";
		};
		3BF72F6C18516D9500C53C65 /* InfoPlist.strings */ = {
			isa = PBXVariantGroup;
			children = (
				3BF72F6D18516D9500C53C65 /* en */,
			);
			name = InfoPlist.strings;
			sourceTree = "<group>";
		};
/* End PBXVariantGroup section */

/* Begin XCBuildConfiguration section */
		3BF72F7118516D9500C53C65 /* Debug */ = {
			isa = XCBuildConfiguration;
			buildSettings = {
				ALWAYS_SEARCH_USER_PATHS = NO;
				ARCHS = "$(ARCHS_STANDARD_INCLUDING_64_BIT)";
				CLANG_CXX_LANGUAGE_STANDARD = "gnu++0x";
				CLANG_CXX_LIBRARY = "libc++";
				CLANG_ENABLE_MODULES = YES;
				CLANG_ENABLE_OBJC_ARC = YES;
				CLANG_WARN_BOOL_CONVERSION = YES;
				CLANG_WARN_CONSTANT_CONVERSION = YES;
				CLANG_WARN_DIRECT_OBJC_ISA_USAGE = YES_ERROR;
				CLANG_WARN_EMPTY_BODY = YES;
				CLANG_WARN_ENUM_CONVERSION = YES;
				CLANG_WARN_INT_CONVERSION = YES;
				CLANG_WARN_OBJC_ROOT_CLASS = YES_ERROR;
				CLANG_WARN__DUPLICATE_METHOD_MATCH = YES;
				"CODE_SIGN_IDENTITY[sdk=iphoneos*]" = "iPhone Developer";
				COPY_PHASE_STRIP = NO;
				GCC_C_LANGUAGE_STANDARD = gnu99;
				GCC_DYNAMIC_NO_PIC = NO;
				GCC_OPTIMIZATION_LEVEL = 0;
				GCC_PREPROCESSOR_DEFINITIONS = (
					"DEBUG=1",
					"$(inherited)",
				);
				GCC_SYMBOLS_PRIVATE_EXTERN = NO;
				GCC_WARN_64_TO_32_BIT_CONVERSION = YES;
				GCC_WARN_ABOUT_RETURN_TYPE = YES_ERROR;
				GCC_WARN_UNDECLARED_SELECTOR = YES;
				GCC_WARN_UNINITIALIZED_AUTOS = YES;
				GCC_WARN_UNUSED_FUNCTION = YES;
				GCC_WARN_UNUSED_VARIABLE = YES;
				IPHONEOS_DEPLOYMENT_TARGET = 7.0;
				ONLY_ACTIVE_ARCH = YES;
				SDKROOT = iphoneos;
			};
			name = Debug;
		};
		3BF72F7218516D9500C53C65 /* Release */ = {
			isa = XCBuildConfiguration;
			buildSettings = {
				ALWAYS_SEARCH_USER_PATHS = NO;
				ARCHS = "$(ARCHS_STANDARD_INCLUDING_64_BIT)";
				CLANG_CXX_LANGUAGE_STANDARD = "gnu++0x";
				CLANG_CXX_LIBRARY = "libc++";
				CLANG_ENABLE_MODULES = YES;
				CLANG_ENABLE_OBJC_ARC = YES;
				CLANG_WARN_BOOL_CONVERSION = YES;
				CLANG_WARN_CONSTANT_CONVERSION = YES;
				CLANG_WARN_DIRECT_OBJC_ISA_USAGE = YES_ERROR;
				CLANG_WARN_EMPTY_BODY = YES;
				CLANG_WARN_ENUM_CONVERSION = YES;
				CLANG_WARN_INT_CONVERSION = YES;
				CLANG_WARN_OBJC_ROOT_CLASS = YES_ERROR;
				CLANG_WARN__DUPLICATE_METHOD_MATCH = YES;
				"CODE_SIGN_IDENTITY[sdk=iphoneos*]" = "iPhone Developer";
				COPY_PHASE_STRIP = YES;
				ENABLE_NS_ASSERTIONS = NO;
				GCC_C_LANGUAGE_STANDARD = gnu99;
				GCC_WARN_64_TO_32_BIT_CONVERSION = YES;
				GCC_WARN_ABOUT_RETURN_TYPE = YES_ERROR;
				GCC_WARN_UNDECLARED_SELECTOR = YES;
				GCC_WARN_UNINITIALIZED_AUTOS = YES;
				GCC_WARN_UNUSED_FUNCTION = YES;
				GCC_WARN_UNUSED_VARIABLE = YES;
				IPHONEOS_DEPLOYMENT_TARGET = 7.0;
				SDKROOT = iphoneos;
				VALIDATE_PRODUCT = YES;
			};
			name = Release;
		};
		3BF72F7418516D9500C53C65 /* Debug */ = {
			isa = XCBuildConfiguration;
			buildSettings = {
				ASSETCATALOG_COMPILER_APPICON_NAME = AppIcon;
				ASSETCATALOG_COMPILER_LAUNCHIMAGE_NAME = LaunchImage;
				GCC_PRECOMPILE_PREFIX_HEADER = YES;
				GCC_PREFIX_HEADER = "CompanyUIHW/CompanyUIHW-Prefix.pch";
				INFOPLIST_FILE = "CompanyUIHW/CompanyUIHW-Info.plist";
				PRODUCT_NAME = "$(TARGET_NAME)";
				WRAPPER_EXTENSION = app;
			};
			name = Debug;
		};
		3BF72F7518516D9500C53C65 /* Release */ = {
			isa = XCBuildConfiguration;
			buildSettings = {
				ASSETCATALOG_COMPILER_APPICON_NAME = AppIcon;
				ASSETCATALOG_COMPILER_LAUNCHIMAGE_NAME = LaunchImage;
				GCC_PRECOMPILE_PREFIX_HEADER = YES;
				GCC_PREFIX_HEADER = "CompanyUIHW/CompanyUIHW-Prefix.pch";
				INFOPLIST_FILE = "CompanyUIHW/CompanyUIHW-Info.plist";
				PRODUCT_NAME = "$(TARGET_NAME)";
				WRAPPER_EXTENSION = app;
			};
			name = Release;
		};
		3BF72F7718516D9500C53C65 /* Debug */ = {
			isa = XCBuildConfiguration;
			buildSettings = {
				ARCHS = "$(ARCHS_STANDARD_INCLUDING_64_BIT)";
				BUNDLE_LOADER = "$(BUILT_PRODUCTS_DIR)/CompanyUIHW.app/CompanyUIHW";
				FRAMEWORK_SEARCH_PATHS = (
					"$(SDKROOT)/Developer/Library/Frameworks",
					"$(inherited)",
					"$(DEVELOPER_FRAMEWORKS_DIR)",
				);
				GCC_PRECOMPILE_PREFIX_HEADER = YES;
				GCC_PREFIX_HEADER = "CompanyUIHW/CompanyUIHW-Prefix.pch";
				GCC_PREPROCESSOR_DEFINITIONS = (
					"DEBUG=1",
					"$(inherited)",
				);
				INFOPLIST_FILE = "CompanyUIHWTests/CompanyUIHWTests-Info.plist";
				PRODUCT_NAME = "$(TARGET_NAME)";
				TEST_HOST = "$(BUNDLE_LOADER)";
				WRAPPER_EXTENSION = xctest;
			};
			name = Debug;
		};
		3BF72F7818516D9500C53C65 /* Release */ = {
			isa = XCBuildConfiguration;
			buildSettings = {
				ARCHS = "$(ARCHS_STANDARD_INCLUDING_64_BIT)";
				BUNDLE_LOADER = "$(BUILT_PRODUCTS_DIR)/CompanyUIHW.app/CompanyUIHW";
				FRAMEWORK_SEARCH_PATHS = (
					"$(SDKROOT)/Developer/Library/Frameworks",
					"$(inherited)",
					"$(DEVELOPER_FRAMEWORKS_DIR)",
				);
				GCC_PRECOMPILE_PREFIX_HEADER = YES;
				GCC_PREFIX_HEADER = "CompanyUIHW/CompanyUIHW-Prefix.pch";
				INFOPLIST_FILE = "CompanyUIHWTests/CompanyUIHWTests-Info.plist";
				PRODUCT_NAME = "$(TARGET_NAME)";
				TEST_HOST = "$(BUNDLE_LOADER)";
				WRAPPER_EXTENSION = xctest;
			};
			name = Release;
		};
/* End XCBuildConfiguration section */

/* Begin XCConfigurationList section */
		3BF72F3C18516D9500C53C65 /* Build configuration list for PBXProject "CompanyUIHW" */ = {
			isa = XCConfigurationList;
			buildConfigurations = (
				3BF72F7118516D9500C53C65 /* Debug */,
				3BF72F7218516D9500C53C65 /* Release */,
			);
			defaultConfigurationIsVisible = 0;
			defaultConfigurationName = Release;
		};
		3BF72F7318516D9500C53C65 /* Build configuration list for PBXNativeTarget "CompanyUIHW" */ = {
			isa = XCConfigurationList;
			buildConfigurations = (
				3BF72F7418516D9500C53C65 /* Debug */,
				3BF72F7518516D9500C53C65 /* Release */,
			);
			defaultConfigurationIsVisible = 0;
		};
		3BF72F7618516D9500C53C65 /* Build configuration list for PBXNativeTarget "CompanyUIHWTests" */ = {
			isa = XCConfigurationList;
			buildConfigurations = (
				3BF72F7718516D9500C53C65 /* Debug */,
				3BF72F7818516D9500C53C65 /* Release */,
			);
			defaultConfigurationIsVisible = 0;
		};
/* End XCConfigurationList section */
	};
	rootObject = 3BF72F3918516D9500C53C65 /* Project object */;
}
